
Microsoft Visual Studio Solution File, Format Version 12.00
# Visual Studio Version 16
VisualStudioVersion = 16.0.30002.166
MinimumVisualStudioVersion = 10.0.40219.1
Project("{9A19103F-16F7-4668-BE54-9A1E7A4F7556}") = "Books.Api", "Books.Api\Books.Api.csproj", "{ED65573F-0165-4A33-9982-7797D057E89D}"
EndProject
Project("{9A19103F-16F7-4668-BE54-9A1E7A4F7556}") = "BookCovers.API", "BookCovers.API\BookCovers.API.csproj", "{A685BC50-5A4B-433A-B96C-B3860F8725C1}"
EndProject
Global
	GlobalSection(SolutionConfigurationPlatforms) = preSolution
		Debug|Any CPU = Debug|Any CPU
		Release|Any CPU = Release|Any CPU
	EndGlobalSection
	GlobalSection(ProjectConfigurationPlatforms) = postSolution
		{ED65573F-0165-4A33-9982-7797D057E89D}.Debug|Any CPU.ActiveCfg = Debug|Any CPU
		{ED65573F-0165-4A33-9982-7797D057E89D}.Debug|Any CPU.Build.0 = Debug|Any CPU
		{ED65573F-0165-4A33-9982-7797D057E89D}.Release|Any CPU.ActiveCfg = Release|Any CPU
		{ED65573F-0165-4A33-9982-7797D057E89D}.Release|Any CPU.Build.0 = Release|Any CPU
		{A685BC50-5A4B-433A-B96C-B3860F8725C1}.Debug|Any CPU.ActiveCfg = Debug|Any CPU
		{A685BC50-5A4B-433A-B96C-B3860F8725C1}.Debug|Any CPU.Build.0 = Debug|Any CPU
		{A685BC50-5A4B-433A-B96C-B3860F8725C1}.Release|Any CPU.ActiveCfg = Release|Any CPU
		{A685BC50-5A4B-433A-B96C-B3860F8725C1}.Release|Any CPU.Build.0 = Release|Any CPU
	EndGlobalSection
	GlobalSection(SolutionProperties) = preSolution
		HideSolutionNode = FALSE
	EndGlobalSection
	GlobalSection(ExtensibilityGlobals) = postSolution
		SolutionGuid = {24D960E3-D8E9-4526-908C-8772F656F2E1}
	EndGlobalSection
EndGlobal
